
Microsoft Visual Studio Solution File, Format Version 12.00
# Visual Studio Version 16
VisualStudioVersion = 16.0.30011.22
MinimumVisualStudioVersion = 10.0.40219.1
Project("{9A19103F-16F7-4668-BE54-9A1E7A4F7556}") = "ChuckNorrisIO.UnitTest", "ChuckNorrisIO.UnitTest\ChuckNorrisIO.UnitTest.csproj", "{B2EFCE77-B10A-41B6-AE0B-52F74366E5AA}"
EndProject
Project("{FAE04EC0-301F-11D3-BF4B-00C04F79EFBC}") = "ChuckNorrisIO.Wpf", "ChuckNorrisIO.Wpf\ChuckNorrisIO.Wpf.csproj", "{F969009F-A76C-491A-861E-3978072CC5B7}"
EndProject
Global
	GlobalSection(SolutionConfigurationPlatforms) = preSolution
		Debug|Any CPU = Debug|Any CPU
		Release|Any CPU = Release|Any CPU
	EndGlobalSection
	GlobalSection(ProjectConfigurationPlatforms) = postSolution
		{B2EFCE77-B10A-41B6-AE0B-52F74366E5AA}.Debug|Any CPU.ActiveCfg = Debug|Any CPU
		{B2EFCE77-B10A-41B6-AE0B-52F74366E5AA}.Debug|Any CPU.Build.0 = Debug|Any CPU
		{B2EFCE77-B10A-41B6-AE0B-52F74366E5AA}.Release|Any CPU.ActiveCfg = Release|Any CPU
		{B2EFCE77-B10A-41B6-AE0B-52F74366E5AA}.Release|Any CPU.Build.0 = Release|Any CPU
		{F969009F-A76C-491A-861E-3978072CC5B7}.Debug|Any CPU.ActiveCfg = Debug|Any CPU
		{F969009F-A76C-491A-861E-3978072CC5B7}.Debug|Any CPU.Build.0 = Debug|Any CPU
		{F969009F-A76C-491A-861E-3978072CC5B7}.Release|Any CPU.ActiveCfg = Release|Any CPU
		{F969009F-A76C-491A-861E-3978072CC5B7}.Release|Any CPU.Build.0 = Release|Any CPU
	EndGlobalSection
	GlobalSection(SolutionProperties) = preSolution
		HideSolutionNode = FALSE
	EndGlobalSection
	GlobalSection(ExtensibilityGlobals) = postSolution
		SolutionGuid = {F670C099-F444-4A09-943F-FC9E03E90661}
	EndGlobalSection
EndGlobal
